{
  "requires": true,
  "lockfileVersion": 1,
  "dependencies": {
    "@types/aframe": {
      "version": "0.8.3",
      "resolved": "https://registry.npmjs.org/@types/aframe/-/aframe-0.8.3.tgz",
      "integrity": "sha512-2F/mMNPOznCsh5vD8TjUY/eLJnLeLG+xlUj070iCNXG2dlmehQ3NFxoVhkaG6lIJsfYkOK1fs/W5lDCofe2YTA==",
      "requires": {
        "@types/tween.js": "*",
        "three": "^0.103.0"
      }
    },
    "@types/tween.js": {
      "version": "17.2.0",
      "resolved": "https://registry.npmjs.org/@types/tween.js/-/tween.js-17.2.0.tgz",
      "integrity": "sha512-mOsqurEtFEzwgkVc/jDVE2XrjZBYTbrmDUyCr9GXmnfc6q5otokxFtKvSY/B21zgz9LVRIvRTawKczjKi57wrA=="
    },
    "aframe-extras": {
      "version": "6.0.1",
      "resolved": "https://registry.npmjs.org/aframe-extras/-/aframe-extras-6.0.1.tgz",
      "integrity": "sha512-pCkGNjL8hl8W2bm5el1gPljQZS51/Mok/a+C/e+soL4usvU5MyfEoxQ2+ZIofRrXpKNldaLZpOZsKM8rVpYVXA==",
      "requires": {
        "three-pathfinding": "^0.7.0"
      }
    },
    "three": {
      "version": "0.103.0",
      "resolved": "https://registry.npmjs.org/three/-/three-0.103.0.tgz",
      "integrity": "sha512-4WKRHTMt96sp+lX+Hx/eHtN9CWFyejDqr1ikgxZUJIkKEHVglSE7FY8n81NC6yWXqVSjUIQQppaxsoUe26Zi9g=="
    },
    "three-pathfinding": {
      "version": "0.7.0",
      "resolved": "https://registry.npmjs.org/three-pathfinding/-/three-pathfinding-0.7.0.tgz",
      "integrity": "sha512-UwWvzgio1UFe81n5jKHNzB4B+AG3wfZ54OKp7bTb1MHuC3cy6RTtr0dbbiPQQoqxzr+DRArR2DUwQSEknw5+nw=="
    }
  }
}
